
Microsoft Visual Studio Solution File, Format Version 12.00
# Visual Studio Version 17
VisualStudioVersion = 17.11.35327.3
MinimumVisualStudioVersion = 10.0.40219.1
Project("{8BC9CEB8-8B4A-11D0-8D11-00A0C91BC942}") = "draw_triangle", "draw_triangle\draw_triangle.vcxproj", "{02A2B03E-2011-469E-84E9-F9CE39CE0281}"
EndProject
Global
	GlobalSection(SolutionConfigurationPlatforms) = preSolution
		Debug|x64 = Debug|x64
		Debug|x86 = Debug|x86
		Release|x64 = Release|x64
		Release|x86 = Release|x86
	EndGlobalSection
	GlobalSection(ProjectConfigurationPlatforms) = postSolution
		{02A2B03E-2011-469E-84E9-F9CE39CE0281}.Debug|x64.ActiveCfg = Debug|x64
		{02A2B03E-2011-469E-84E9-F9CE39CE0281}.Debug|x64.Build.0 = Debug|x64
		{02A2B03E-2011-469E-84E9-F9CE39CE0281}.Debug|x86.ActiveCfg = Debug|Win32
		{02A2B03E-2011-469E-84E9-F9CE39CE0281}.Debug|x86.Build.0 = Debug|Win32
		{02A2B03E-2011-469E-84E9-F9CE39CE0281}.Release|x64.ActiveCfg = Release|x64
		{02A2B03E-2011-469E-84E9-F9CE39CE0281}.Release|x64.Build.0 = Release|x64
		{02A2B03E-2011-469E-84E9-F9CE39CE0281}.Release|x86.ActiveCfg = Release|Win32
		{02A2B03E-2011-469E-84E9-F9CE39CE0281}.Release|x86.Build.0 = Release|Win32
	EndGlobalSection
	GlobalSection(SolutionProperties) = preSolution
		HideSolutionNode = FALSE
	EndGlobalSection
	GlobalSection(ExtensibilityGlobals) = postSolution
		SolutionGuid = {C8D86F00-3FC5-49EB-BCC4-E05664611891}
	EndGlobalSection
EndGlobal
